
Microsoft Visual Studio Solution File, Format Version 12.00
# Visual Studio 2012
Project("{FAE04EC0-301F-11D3-BF4B-00C04F79EFBC}") = "BinaryTree", "BinaryTree\BinaryTree.csproj", "{13D810A8-B156-4D7D-B905-372522FF7286}"
EndProject
Project("{FAE04EC0-301F-11D3-BF4B-00C04F79EFBC}") = "FizzBuzz", "FizzBuzz\FizzBuzz.csproj", "{C9835C1C-C99E-446D-B17E-BAB4CE8EA44D}"
EndProject
Project("{FAE04EC0-301F-11D3-BF4B-00C04F79EFBC}") = "particles", "particles\particles.csproj", "{907A5C3C-B130-4D1F-A9FC-6ECBD9160E92}"
EndProject
Project("{2150E333-8FDC-42A3-9474-1A3956D46DE8}") = ".nuget", ".nuget", "{029A0177-5344-4574-ACF1-97BA41683F43}"
	ProjectSection(SolutionItems) = preProject
		.nuget\NuGet.Config = .nuget\NuGet.Config
		.nuget\NuGet.exe = .nuget\NuGet.exe
		.nuget\NuGet.targets = .nuget\NuGet.targets
	EndProjectSection
EndProject
Project("{FAE04EC0-301F-11D3-BF4B-00C04F79EFBC}") = "GenerateCsv", "CsvGenerator\GenerateCsv.csproj", "{DF92316B-4083-4CCA-9B2F-D943FAE2F96F}"
EndProject
Global
	GlobalSection(SolutionConfigurationPlatforms) = preSolution
		Debug|Any CPU = Debug|Any CPU
		Release|Any CPU = Release|Any CPU
	EndGlobalSection
	GlobalSection(ProjectConfigurationPlatforms) = postSolution
		{13D810A8-B156-4D7D-B905-372522FF7286}.Debug|Any CPU.ActiveCfg = Debug|Any CPU
		{13D810A8-B156-4D7D-B905-372522FF7286}.Debug|Any CPU.Build.0 = Debug|Any CPU
		{13D810A8-B156-4D7D-B905-372522FF7286}.Release|Any CPU.ActiveCfg = Release|Any CPU
		{13D810A8-B156-4D7D-B905-372522FF7286}.Release|Any CPU.Build.0 = Release|Any CPU
		{C9835C1C-C99E-446D-B17E-BAB4CE8EA44D}.Debug|Any CPU.ActiveCfg = Debug|Any CPU
		{C9835C1C-C99E-446D-B17E-BAB4CE8EA44D}.Debug|Any CPU.Build.0 = Debug|Any CPU
		{C9835C1C-C99E-446D-B17E-BAB4CE8EA44D}.Release|Any CPU.ActiveCfg = Release|Any CPU
		{C9835C1C-C99E-446D-B17E-BAB4CE8EA44D}.Release|Any CPU.Build.0 = Release|Any CPU
		{907A5C3C-B130-4D1F-A9FC-6ECBD9160E92}.Debug|Any CPU.ActiveCfg = Debug|Any CPU
		{907A5C3C-B130-4D1F-A9FC-6ECBD9160E92}.Debug|Any CPU.Build.0 = Debug|Any CPU
		{907A5C3C-B130-4D1F-A9FC-6ECBD9160E92}.Release|Any CPU.ActiveCfg = Release|Any CPU
		{907A5C3C-B130-4D1F-A9FC-6ECBD9160E92}.Release|Any CPU.Build.0 = Release|Any CPU
		{DF92316B-4083-4CCA-9B2F-D943FAE2F96F}.Debug|Any CPU.ActiveCfg = Debug|Any CPU
		{DF92316B-4083-4CCA-9B2F-D943FAE2F96F}.Debug|Any CPU.Build.0 = Debug|Any CPU
		{DF92316B-4083-4CCA-9B2F-D943FAE2F96F}.Release|Any CPU.ActiveCfg = Release|Any CPU
		{DF92316B-4083-4CCA-9B2F-D943FAE2F96F}.Release|Any CPU.Build.0 = Release|Any CPU
	EndGlobalSection
	GlobalSection(SolutionProperties) = preSolution
		HideSolutionNode = FALSE
	EndGlobalSection
EndGlobal
